
Microsoft Visual Studio Solution File, Format Version 12.00
# Visual Studio Version 17
VisualStudioVersion = 17.14.36429.23
MinimumVisualStudioVersion = 10.0.40219.1
Project("{FAE04EC0-301F-11D3-BF4B-00C04F79EFBC}") = "LOMS_Auth_API", "LOMS_Auth_API.csproj", "{9C39EB39-7C50-4C40-BCB5-45650DEF344E}"
EndProject
Project("{FAE04EC0-301F-11D3-BF4B-00C04F79EFBC}") = "LOMS_Auth_Business", "..\LOMS_Auth_Business\LOMS_Auth_Business.csproj", "{0FE5DFB1-BAF7-437F-B403-979C62A6BD00}"
EndProject
Project("{FAE04EC0-301F-11D3-BF4B-00C04F79EFBC}") = "LOMS_Auth_DataAccess", "..\LOMS_Auth_DataAccess\LOMS_Auth_DataAccess.csproj", "{3A43D654-91EA-4CAA-8525-9061BA3EFCB0}"
EndProject
Project("{FAE04EC0-301F-11D3-BF4B-00C04F79EFBC}") = "LOMS_Auth_Shared", "..\LOMS_Auth_Shared\LOMS_Auth_Shared.csproj", "{A11E026C-95A7-4A5D-B739-85AD9CEE13BA}"
EndProject
Project("{FAE04EC0-301F-11D3-BF4B-00C04F79EFBC}") = "LOMS_Auth_Tests", "..\LOMS_Auth_Tests\LOMS_Auth_Tests.csproj", "{5D124F9E-AC6A-4D4B-A87C-E991C198C470}"
EndProject
Global
	GlobalSection(SolutionConfigurationPlatforms) = preSolution
		Debug|Any CPU = Debug|Any CPU
		Release|Any CPU = Release|Any CPU
	EndGlobalSection
	GlobalSection(ProjectConfigurationPlatforms) = postSolution
		{9C39EB39-7C50-4C40-BCB5-45650DEF344E}.Debug|Any CPU.ActiveCfg = Debug|Any CPU
		{9C39EB39-7C50-4C40-BCB5-45650DEF344E}.Debug|Any CPU.Build.0 = Debug|Any CPU
		{9C39EB39-7C50-4C40-BCB5-45650DEF344E}.Release|Any CPU.ActiveCfg = Release|Any CPU
		{9C39EB39-7C50-4C40-BCB5-45650DEF344E}.Release|Any CPU.Build.0 = Release|Any CPU
		{0FE5DFB1-BAF7-437F-B403-979C62A6BD00}.Debug|Any CPU.ActiveCfg = Debug|Any CPU
		{0FE5DFB1-BAF7-437F-B403-979C62A6BD00}.Debug|Any CPU.Build.0 = Debug|Any CPU
		{0FE5DFB1-BAF7-437F-B403-979C62A6BD00}.Release|Any CPU.ActiveCfg = Release|Any CPU
		{0FE5DFB1-BAF7-437F-B403-979C62A6BD00}.Release|Any CPU.Build.0 = Release|Any CPU
		{3A43D654-91EA-4CAA-8525-9061BA3EFCB0}.Debug|Any CPU.ActiveCfg = Debug|Any CPU
		{3A43D654-91EA-4CAA-8525-9061BA3EFCB0}.Debug|Any CPU.Build.0 = Debug|Any CPU
		{3A43D654-91EA-4CAA-8525-9061BA3EFCB0}.Release|Any CPU.ActiveCfg = Release|Any CPU
		{3A43D654-91EA-4CAA-8525-9061BA3EFCB0}.Release|Any CPU.Build.0 = Release|Any CPU
		{A11E026C-95A7-4A5D-B739-85AD9CEE13BA}.Debug|Any CPU.ActiveCfg = Debug|Any CPU
		{A11E026C-95A7-4A5D-B739-85AD9CEE13BA}.Debug|Any CPU.Build.0 = Debug|Any CPU
		{A11E026C-95A7-4A5D-B739-85AD9CEE13BA}.Release|Any CPU.ActiveCfg = Release|Any CPU
		{A11E026C-95A7-4A5D-B739-85AD9CEE13BA}.Release|Any CPU.Build.0 = Release|Any CPU
		{5D124F9E-AC6A-4D4B-A87C-E991C198C470}.Debug|Any CPU.ActiveCfg = Debug|Any CPU
		{5D124F9E-AC6A-4D4B-A87C-E991C198C470}.Debug|Any CPU.Build.0 = Debug|Any CPU
		{5D124F9E-AC6A-4D4B-A87C-E991C198C470}.Release|Any CPU.ActiveCfg = Release|Any CPU
		{5D124F9E-AC6A-4D4B-A87C-E991C198C470}.Release|Any CPU.Build.0 = Release|Any CPU
	EndGlobalSection
	GlobalSection(SolutionProperties) = preSolution
		HideSolutionNode = FALSE
	EndGlobalSection
	GlobalSection(ExtensibilityGlobals) = postSolution
		SolutionGuid = {18911F46-9235-4DF1-9540-08D247D90A82}
	EndGlobalSection
EndGlobal
